{
    "_meta": {
        "hash": {
            "sha256": "5b8d297857cdaa6cdc28ddd836f2a893b64e459eddd57b9ab4cf412a241db546"
        },
        "pipfile-spec": 6,
        "requires": {
            "python_version": "3.8.2"
        },
        "sources": [
            {
                "name": "pypi",
                "url": "https://pypi.python.org/simple",
                "verify_ssl": true
            }
        ]
    },
    "default": {
        "appdirs": {
            "hashes": [
                "sha256:9e5896d1372858f8dd3344faf4e5014d21849c756c8d5701f78f8a103b372d92",
                "sha256:d8b24664561d0d34ddfaec54636d502d7cea6e29c3eaf68f3df6180863e2166e"
            ],
            "version": "==1.4.3"
        },
        "decorator": {
            "hashes": [
                "sha256:41fa54c2a0cc4ba648be4fd43cff00aedf5b9465c9bf18d64325bc225f08f760",
                "sha256:e3a62f0520172440ca0dcc823749319382e377f37f140a0b99ef45fecb84bfe7"
            ],
            "version": "==4.4.2"
        },
        "llvmlite": {
            "hashes": [
                "sha256:0fe35afc4a3fdb4ba1d231c8b1ab0830a1f3e1ace8c173f9ad2fb9d15a04f4ae",
                "sha256:1b3c2f3f42a97d923211a8ecc3705cf7f7667706be55fc223fca273afc24f9fd",
                "sha256:1fa0f6f9229302c5d6f3cab39531c7527855c9cce47511424577232bcb67a59c",
                "sha256:296af244042e94b36bb663a3c91baf8ed17d752e78a225c6692610a8aaac031b",
                "sha256:2f719a26539ae84ad1e61d51158c2f5f0665b6568d16f2e22797abe6e0c34075",
                "sha256:300905efee013788bd5e14d93c330b3ba0f76cf18bdd05ce95cba55c66b60f96",
                "sha256:35875f589a861003c2368b966bc7473b9340fb1d9a8b6e2c1015aacbf5e82d38",
                "sha256:7308a7bf25221ad5ac1022bb3b049cd4f8fe1ba7a4ade8d4a726414ae26b1f6a",
                "sha256:7a99b28c93123c662cefedc5beab6de549d4a5e6baa974f11f9c4ee21c3a34a8",
                "sha256:96dfcbd83abf78947bf052e5adf051ea8fae33f1c32b53ed4d6b423aaa006d79",
                "sha256:9eedfab7236b019c0b7003ded86910e1e8b29444316dec341e2165f47f7e07e3",
                "sha256:a224fdc0dcea84e646ef2fd7cc0861d4cd524a20aea451e626ecadd6066cef34",
                "sha256:d4a74ef471b5666f8d71de049663123063b286f2df04c9565ec582124f94e761",
                "sha256:d65c645c32fae7b50852e80597eaef8369f826b75017d5c8d07c800e37eaed89",
                "sha256:efa16a479934651e1fecaabe488df472d9a206aa891363794c8edc0855571382",
                "sha256:f671252984a4c4888a1a2c9c4e167ab263ed5e02efd64e0fa53f88482798647b"
            ],
            "version": "==0.32.0"
        },
        "numba": {
            "hashes": [
                "sha256:10da60265123f1204533c335db6cffec89749fa06a71b0f7e3004e8a0faf2e94",
                "sha256:31383c1c56523e523b1da1f82d2640aa2db9ac4df9d0a3cd8ace3641e098e601",
                "sha256:3a3f4821808732681dabcfecb6f54e74e3ae2c9723b5259f9e626ff25c9e5a41",
                "sha256:4237957b5666a87d846d2b08dd6e11ff063e5b2033fa795f3bf44bc9026a23b6",
                "sha256:48054f77dd8dcd2608cd88d8dd00ea663001248a6d9fc66d1d3d8cb39fb1bccc",
                "sha256:4c600996e9bfbe481e38ccac33a325e0e6abb2e537d1baf232b19467edd3afcb",
                "sha256:643860cea60e090f20d5621f5543f2065897300179f2a4f6e9501435726ffbc1",
                "sha256:6a62f36bc7a5a20ad3c51efd75d998c4a0b2d1cf5235f45dfdc21ffb581f96e0",
                "sha256:6c153ea162aa6c8be5ff709336a7c8c444a8c002ac2c6d9a3ec9867767fa2f21",
                "sha256:7022b6f7688582755fa7dd81b11f5a69a1498c1de40ba0e8b4cbd19b545b1cf0",
                "sha256:78648b1e83612d9d040bc6d018593eb1217ca0dcd5bd2b46e14049a504300fac",
                "sha256:7ac9b33c8cee36324ffc91d77524612d7fe4fb21c2f95137c8ccf013ab582908",
                "sha256:872e7f6b5eff9e7d5fba43d93afcbaa8a1f5375f4dd8c35873881eb74e95f370",
                "sha256:9dbef9c738685a624fb0a4e2ec4cc425bed0e1de830d9bafc629bdb55e8df98f",
                "sha256:c2b2c4f8fdf2c9d10544ce0d6da0fabc2c4d5c7ad639f2b7977d9d719c4a3a92",
                "sha256:c9b7c25abc7c75bf28f8f0ed43a530fab22047d3b679e773b66c5020d5d03df6",
                "sha256:d137c674b43d971c8f3cb84808736664b41c0541619990690488fff2745d6b1f",
                "sha256:e103e33d9d972300a5bad9c50d80cfe8728ca38a5caebfaa4564b34a090b9477",
                "sha256:ff229d32cef2b1970d0f4e2dcea6c561fa3c162f6d95b6f10babdfe16448b218"
            ],
            "index": "pypi",
            "version": "==0.49.0"
        },
        "numpy": {
            "hashes": [
                "sha256:0aa2b318cf81eb1693fcfcbb8007e95e231d7e1aa24288137f3b19905736c3ee",
                "sha256:163c78c04f47f26ca1b21068cea25ed7c5ecafe5f5ab2ea4895656a750582b56",
                "sha256:1e37626bcb8895c4b3873fcfd54e9bfc5ffec8d0f525651d6985fcc5c6b6003c",
                "sha256:264fd15590b3f02a1fbc095e7e1f37cdac698ff3829e12ffdcffdce3772f9d44",
                "sha256:3d9e1554cd9b5999070c467b18e5ae3ebd7369f02706a8850816f576a954295f",
                "sha256:40c24960cd5cec55222963f255858a1c47c6fa50a65a5b03fd7de75e3700eaaa",
                "sha256:46f404314dbec78cb342904f9596f25f9b16e7cf304030f1339e553c8e77f51c",
                "sha256:4847f0c993298b82fad809ea2916d857d0073dc17b0510fbbced663b3265929d",
                "sha256:48e15612a8357393d176638c8f68a19273676877caea983f8baf188bad430379",
                "sha256:6725d2797c65598778409aba8cd67077bb089d5b7d3d87c2719b206dc84ec05e",
                "sha256:99f0ba97e369f02a21bb95faa3a0de55991fd5f0ece2e30a9e2eaebeac238921",
                "sha256:a41f303b3f9157a31ce7203e3ca757a0c40c96669e72d9b6ee1bce8507638970",
                "sha256:a4305564e93f5c4584f6758149fd446df39fd1e0a8c89ca0deb3cce56106a027",
                "sha256:a551d8cc267c634774830086da42e4ba157fa41dd3b93982bc9501b284b0c689",
                "sha256:a6bc9432c2640b008d5f29bad737714eb3e14bb8854878eacf3d7955c4e91c36",
                "sha256:c60175d011a2e551a2f74c84e21e7c982489b96b6a5e4b030ecdeacf2914da68",
                "sha256:e46e2384209c91996d5ec16744234d1c906ab79a701ce1a26155c9ec890b8dc8",
                "sha256:e607b8cdc2ae5d5a63cd1bec30a15b5ed583ac6a39f04b7ba0f03fcfbf29c05b",
                "sha256:e94a39d5c40fffe7696009dbd11bc14a349b377e03a384ed011e03d698787dd3",
                "sha256:eb2286249ebfe8fcb5b425e5ec77e4736d53ee56d3ad296f8947f67150f495e3",
                "sha256:fdee7540d12519865b423af411bd60ddb513d2eb2cd921149b732854995bbf8b"
            ],
            "index": "pypi",
            "version": "==1.18.3"
        },
        "pyopencl": {
            "hashes": [
                "sha256:0e3942b20991d6f2ff9594076ac840b5e5613a5f18ee78ea839dcef84e0d553c",
                "sha256:13bd38327de444228892b2d6a7a503934fff8d13b2f7c494d54ae188f122e9de",
                "sha256:372370ee48f5496a83d65588caeb926203db1d820f9dac4430c13a4beb431fe9",
                "sha256:412da4c01b5628111168107c51bd2d574eeee04c3c17f45045cd974ea3a2fd57",
                "sha256:55db3bc904cf7b624b154cba5e74f97d101a83a3e40c6c3256eb2b89cd77e4bf",
                "sha256:670a30a5dc5314e6a2463dcb286ba09bd3d29f2b7be56ff5bc76cf6e0b538671",
                "sha256:7803f3128dbd28ae6f5b851a80ef586a35b9575406ea7bb068b8e1516f8043f0",
                "sha256:9696a2a779f1c1f2fe26a3ea83e3c83a3d122f5ac050a985de8b0e8150ecf524",
                "sha256:9b2317b52afdcc7aa4633142de27f8e2ecc860023697df1d1e30d8f6e90ad9c8",
                "sha256:a547901c037ad9d73e5e2d685f90c2697b7a27d26adf7fafeec2ce3f8afc6564",
                "sha256:ce806897d1a822eb0420294c3781d4297e2fc5b2b39ca2c68b96f7c75096ac08",
                "sha256:decf13ec8d48d99d499bf9b58eba646b2d3a8deaa18386156f10503b60b65595",
                "sha256:e9c70a2691087b8931fccf0fc7fff1f3783807596cd83f8c55dab4c929bd5e38",
                "sha256:f7a6e126266c34aac4f0635bf2ab1f4c610296efa0b49ffdbdada6f34c0bb972",
                "sha256:f804e61efdbf199326bd349a21cdb3dbbcee68cfbf07da6f6dc10e38b7e9fe8a"
            ],
            "index": "pypi",
            "version": "==2019.1.2"
        },
        "pypng": {
            "hashes": [
                "sha256:1032833440c91bafee38a42c38c02d00431b24c42927feb3e63b104d8550170b"
            ],
            "index": "pypi",
            "version": "==0.0.20"
        },
        "pytools": {
            "hashes": [
                "sha256:c132d17855584ad61c6e00f3ff11146499755944afc400cce9eae0ecf03d04a6"
            ],
            "version": "==2020.1"
        },
        "rtree": {
            "hashes": [
                "sha256:cae327e2c03b3da4ea40d0fdf68f3e55fe9f302c56b9f31e1bfeb36dbea73f44"
            ],
            "index": "pypi",
            "version": "==0.9.4"
        },
        "six": {
            "hashes": [
                "sha256:236bdbdce46e6e6a3d61a337c0f8b763ca1e8717c03b369e87a7ec7ce1319c0a",
                "sha256:8f3cd2e254d8f793e7f3d6d9df77b92252b52637291d0f0da013c76ea2724b6c"
            ],
            "version": "==1.14.0"
        }
    },
    "develop": {
        "astroid": {
            "hashes": [
                "sha256:71ea07f44df9568a75d0f354c49143a4575d90645e9fead6dfb52c26a85ed13a",
                "sha256:840947ebfa8b58f318d42301cf8c0a20fd794a33b61cc4638e28e9e61ba32f42"
            ],
            "version": "==2.3.3"
        },
        "autopep8": {
            "hashes": [
                "sha256:152fd8fe47d02082be86e05001ec23d6f420086db56b17fc883f3f965fb34954"
            ],
            "index": "pypi",
            "version": "==1.5.2"
        },
        "isort": {
            "hashes": [
                "sha256:54da7e92468955c4fceacd0c86bd0ec997b0e1ee80d97f67c35a78b719dccab1",
                "sha256:6e811fcb295968434526407adb8796944f1988c5b65e8139058f2014cbe100fd"
            ],
            "version": "==4.3.21"
        },
        "lazy-object-proxy": {
            "hashes": [
                "sha256:0c4b206227a8097f05c4dbdd323c50edf81f15db3b8dc064d08c62d37e1a504d",
                "sha256:194d092e6f246b906e8f70884e620e459fc54db3259e60cf69a4d66c3fda3449",
                "sha256:1be7e4c9f96948003609aa6c974ae59830a6baecc5376c25c92d7d697e684c08",
                "sha256:4677f594e474c91da97f489fea5b7daa17b5517190899cf213697e48d3902f5a",
                "sha256:48dab84ebd4831077b150572aec802f303117c8cc5c871e182447281ebf3ac50",
                "sha256:5541cada25cd173702dbd99f8e22434105456314462326f06dba3e180f203dfd",
                "sha256:59f79fef100b09564bc2df42ea2d8d21a64fdcda64979c0fa3db7bdaabaf6239",
                "sha256:8d859b89baf8ef7f8bc6b00aa20316483d67f0b1cbf422f5b4dc56701c8f2ffb",
                "sha256:9254f4358b9b541e3441b007a0ea0764b9d056afdeafc1a5569eee1cc6c1b9ea",
                "sha256:9651375199045a358eb6741df3e02a651e0330be090b3bc79f6d0de31a80ec3e",
                "sha256:97bb5884f6f1cdce0099f86b907aa41c970c3c672ac8b9c8352789e103cf3156",
                "sha256:9b15f3f4c0f35727d3a0fba4b770b3c4ebbb1fa907dbcc046a1d2799f3edd142",
                "sha256:a2238e9d1bb71a56cd710611a1614d1194dc10a175c1e08d75e1a7bcc250d442",
                "sha256:a6ae12d08c0bf9909ce12385803a543bfe99b95fe01e752536a60af2b7797c62",
                "sha256:ca0a928a3ddbc5725be2dd1cf895ec0a254798915fb3a36af0964a0a4149e3db",
                "sha256:cb2c7c57005a6804ab66f106ceb8482da55f5314b7fcb06551db1edae4ad1531",
                "sha256:d74bb8693bf9cf75ac3b47a54d716bbb1a92648d5f781fc799347cfc95952383",
                "sha256:d945239a5639b3ff35b70a88c5f2f491913eb94871780ebfabb2568bd58afc5a",
                "sha256:eba7011090323c1dadf18b3b689845fd96a61ba0a1dfbd7f24b921398affc357",
                "sha256:efa1909120ce98bbb3777e8b6f92237f5d5c8ea6758efea36a473e1d38f7d3e4",
                "sha256:f3900e8a5de27447acbf900b4750b0ddfd7ec1ea7fbaf11dfa911141bc522af0"
            ],
            "version": "==1.4.3"
        },
        "mccabe": {
            "hashes": [
                "sha256:ab8a6258860da4b6677da4bd2fe5dc2c659cff31b3ee4f7f5d64e79735b80d42",
                "sha256:dd8d182285a0fe56bace7f45b5e7d1a6ebcbf524e8f3bd87eb0f125271b8831f"
            ],
            "version": "==0.6.1"
        },
        "pycodestyle": {
            "hashes": [
                "sha256:95a2219d12372f05704562a14ec30bc76b05a5b297b21a5dfe3f6fac3491ae56",
                "sha256:e40a936c9a450ad81df37f549d676d127b1b66000a6c500caa2b085bc0ca976c"
            ],
            "version": "==2.5.0"
        },
        "pylint": {
            "hashes": [
                "sha256:3db5468ad013380e987410a8d6956226963aed94ecb5f9d3a28acca6d9ac36cd",
                "sha256:886e6afc935ea2590b462664b161ca9a5e40168ea99e5300935f6591ad467df4"
            ],
            "index": "pypi",
            "version": "==2.4.4"
        },
        "six": {
            "hashes": [
                "sha256:236bdbdce46e6e6a3d61a337c0f8b763ca1e8717c03b369e87a7ec7ce1319c0a",
                "sha256:8f3cd2e254d8f793e7f3d6d9df77b92252b52637291d0f0da013c76ea2724b6c"
            ],
            "version": "==1.14.0"
        },
        "wrapt": {
            "hashes": [
                "sha256:565a021fd19419476b9362b05eeaa094178de64f8361e44468f9e9d7843901e1"
            ],
            "version": "==1.11.2"
        }
    }
}
